
Microsoft Visual Studio Solution File, Format Version 12.00
# Visual Studio Version 17
VisualStudioVersion = 17.8.34322.80
MinimumVisualStudioVersion = 10.0.40219.1
Project("{FAE04EC0-301F-11D3-BF4B-00C04F79EFBC}") = "Messanger", "Messanger.csproj", "{90794F9C-940D-4A03-B95B-146B2A2F3BE6}"
EndProject
Project("{FAE04EC0-301F-11D3-BF4B-00C04F79EFBC}") = "UdpService", "..\UdpService\UdpService.csproj", "{66AC5B90-0D15-4C18-989B-C54000E7C6C6}"
EndProject
Project("{FAE04EC0-301F-11D3-BF4B-00C04F79EFBC}") = "Logger", "..\Logger\Logger.csproj", "{5AA5FB5B-9B4C-4777-A81F-5092932C0217}"
EndProject
Global
	GlobalSection(SolutionConfigurationPlatforms) = preSolution
		Debug|Any CPU = Debug|Any CPU
		Release|Any CPU = Release|Any CPU
	EndGlobalSection
	GlobalSection(ProjectConfigurationPlatforms) = postSolution
		{90794F9C-940D-4A03-B95B-146B2A2F3BE6}.Debug|Any CPU.ActiveCfg = Debug|Any CPU
		{90794F9C-940D-4A03-B95B-146B2A2F3BE6}.Debug|Any CPU.Build.0 = Debug|Any CPU
		{90794F9C-940D-4A03-B95B-146B2A2F3BE6}.Release|Any CPU.ActiveCfg = Release|Any CPU
		{90794F9C-940D-4A03-B95B-146B2A2F3BE6}.Release|Any CPU.Build.0 = Release|Any CPU
		{66AC5B90-0D15-4C18-989B-C54000E7C6C6}.Debug|Any CPU.ActiveCfg = Debug|Any CPU
		{66AC5B90-0D15-4C18-989B-C54000E7C6C6}.Debug|Any CPU.Build.0 = Debug|Any CPU
		{66AC5B90-0D15-4C18-989B-C54000E7C6C6}.Release|Any CPU.ActiveCfg = Release|Any CPU
		{66AC5B90-0D15-4C18-989B-C54000E7C6C6}.Release|Any CPU.Build.0 = Release|Any CPU
		{5AA5FB5B-9B4C-4777-A81F-5092932C0217}.Debug|Any CPU.ActiveCfg = Debug|Any CPU
		{5AA5FB5B-9B4C-4777-A81F-5092932C0217}.Debug|Any CPU.Build.0 = Debug|Any CPU
		{5AA5FB5B-9B4C-4777-A81F-5092932C0217}.Release|Any CPU.ActiveCfg = Release|Any CPU
		{5AA5FB5B-9B4C-4777-A81F-5092932C0217}.Release|Any CPU.Build.0 = Release|Any CPU
	EndGlobalSection
	GlobalSection(SolutionProperties) = preSolution
		HideSolutionNode = FALSE
	EndGlobalSection
	GlobalSection(ExtensibilityGlobals) = postSolution
		SolutionGuid = {980368C4-C65D-4B5A-9A24-62A34C0B1F4C}
	EndGlobalSection
EndGlobal
